{
  "name": "ukeirecalculator",
  "version": "1.0.0",
  "lockfileVersion": 3,
  "requires": true,
  "packages": {
    "": {
      "name": "ukeirecalculator",
      "version": "1.0.0",
      "license": "ISC",
      "dependencies": {
        "mahjong-tile-efficiency": "^1.0.3"
      }
    },
    "node_modules/mahjong-tile-efficiency": {
      "version": "1.0.3",
      "resolved": "https://registry.npmjs.org/mahjong-tile-efficiency/-/mahjong-tile-efficiency-1.0.3.tgz",
      "integrity": "sha512-h4AEzJuWGUYbBh5z3V64Zz5wlpXVO96JkmgQ/q5vibZALSvrqh8zc5SKCdF5OMz5HjDI07IfUqlfkmFmJKHwXQ==",
      "license": "MIT"
    }
  }
}
